<?xml version="1.0" encoding="UTF-8" standalone="yes" ?>
<CodeBlocks_project_file>
	<FileVersion major="1" minor="6" />
	<Project>
		<Option title="Snake" />
		<Option pch_mode="2" />
		<Option compiler="gcc" />
		<Build>
			<Target title="Debug">
				<Option output="bin/Debug/Snake" prefix_auto="1" extension_auto="1" />
				<Option object_output="obj/Debug/" />
				<Option type="1" />
				<Option compiler="gcc" />
				<Compiler>
					<Add option="-g" />
					<Add directory="include" />
				</Compiler>
			</Target>
			<Target title="Release">
				<Option output="bin/Release/Snake" prefix_auto="1" extension_auto="1" />
				<Option object_output="obj/Release/" />
				<Option type="1" />
				<Option compiler="gcc" />
				<Compiler>
					<Add option="-O2" />
					<Add directory="include" />
				</Compiler>
				<Linker>
					<Add option="-s" />
				</Linker>
			</Target>
		</Build>
		<Compiler>
			<Add option="-Wall" />
			<Add option="-fexceptions" />
			<Add directory="glm" />
			<Add directory="include" />
		</Compiler>
		<Linker>
			<Add library="glfw3" />
			<Add library="opengl32" />
			<Add library="gdi32" />
			<Add directory="lib-mingw" />
		</Linker>
		<Unit filename="Shaders/basicFragment.txt" />
		<Unit filename="Shaders/basicVertex.txt" />
		<Unit filename="Shaders/snakeFragment.txt" />
		<Unit filename="Shaders/snakeGeometry.txt" />
		<Unit filename="Shaders/snakeVertex.txt" />
		<Unit filename="glad.c">
			<Option compilerVar="CC" />
		</Unit>
		<Unit filename="include/BasicShader.h" />
		<Unit filename="include/Graphics.h" />
		<Unit filename="include/Loader.h" />
		<Unit filename="include/Model.h" />
		<Unit filename="include/Shader.h" />
		<Unit filename="include/SnakeShader.h" />
		<Unit filename="main.cpp" />
		<Unit filename="src/BasicShader.cpp" />
		<Unit filename="src/Graphics.cpp" />
		<Unit filename="src/Loader.cpp" />
		<Unit filename="src/Model.cpp" />
		<Unit filename="src/Shader.cpp" />
		<Unit filename="src/SnakeShader.cpp" />
		<Extensions>
			<code_completion />
			<envvars />
			<debugger />
		</Extensions>
	</Project>
</CodeBlocks_project_file>
